// !$*UTF8*$!
{
	archiveVersion = 1;
	classes = {
	};
	objectVersion = 55;
	objects = {

/* Begin PBXBuildFile section */
		F4292D7928D114B70025F98F /* NCAPI.swift in Sources */ = {isa = PBXBuildFile; fileRef = F4292D7828D114B70025F98F /* NCAPI.swift */; };
		F4292D7C28D139A30025F98F /* NetworkManager.swift in Sources */ = {isa = PBXBuildFile; fileRef = F4292D7B28D139A30025F98F /* NetworkManager.swift */; };
		F4292D7F28D13ACA0025F98F /* NCError.swift in Sources */ = {isa = PBXBuildFile; fileRef = F4292D7E28D13ACA0025F98F /* NCError.swift */; };
		F4292D8228D17C3C0025F98F /* UIviewExtension.swift in Sources */ = {isa = PBXBuildFile; fileRef = F4292D8128D17C3C0025F98F /* UIviewExtension.swift */; };
		F43C641D28D695F200E62E43 /* NCAlertVC.swift in Sources */ = {isa = PBXBuildFile; fileRef = F43C641C28D695F200E62E43 /* NCAlertVC.swift */; };
		F43C641F28D69E6100E62E43 /* NCAlertContainerView.swift in Sources */ = {isa = PBXBuildFile; fileRef = F43C641E28D69E6100E62E43 /* NCAlertContainerView.swift */; };
		F43C642128D69E8B00E62E43 /* NCTitleLabel.swift in Sources */ = {isa = PBXBuildFile; fileRef = F43C642028D69E8B00E62E43 /* NCTitleLabel.swift */; };
		F43C642328D6A2F000E62E43 /* UIViewControllerExtension.swift in Sources */ = {isa = PBXBuildFile; fileRef = F43C642228D6A2F000E62E43 /* UIViewControllerExtension.swift */; };
		F4408D1828CEC009009DAD2F /* NCLoginButton.swift in Sources */ = {isa = PBXBuildFile; fileRef = F4408D1728CEC009009DAD2F /* NCLoginButton.swift */; };
		F4408D1B28CEC8F6009DAD2F /* NCSignupLabel.swift in Sources */ = {isa = PBXBuildFile; fileRef = F4408D1A28CEC8F6009DAD2F /* NCSignupLabel.swift */; };
		F44555D328CC01CF00C56D82 /* AppDelegate.swift in Sources */ = {isa = PBXBuildFile; fileRef = F44555D228CC01CF00C56D82 /* AppDelegate.swift */; };
		F44555D528CC01CF00C56D82 /* SceneDelegate.swift in Sources */ = {isa = PBXBuildFile; fileRef = F44555D428CC01CF00C56D82 /* SceneDelegate.swift */; };
		F44555DC28CC01D000C56D82 /* Assets.xcassets in Resources */ = {isa = PBXBuildFile; fileRef = F44555DB28CC01D000C56D82 /* Assets.xcassets */; };
		F44555DF28CC01D000C56D82 /* LaunchScreen.storyboard in Resources */ = {isa = PBXBuildFile; fileRef = F44555DD28CC01D000C56D82 /* LaunchScreen.storyboard */; };
		F44555E928CCCF2100C56D82 /* LoginViewController.swift in Sources */ = {isa = PBXBuildFile; fileRef = F44555E828CCCF2100C56D82 /* LoginViewController.swift */; };
		F44555ED28CCD7C700C56D82 /* NCTextField.swift in Sources */ = {isa = PBXBuildFile; fileRef = F44555EC28CCD7C700C56D82 /* NCTextField.swift */; };
		F4F097E828D5330D00F4BABD /* LoginView.swift in Sources */ = {isa = PBXBuildFile; fileRef = F4F097E728D5330D00F4BABD /* LoginView.swift */; };
/* End PBXBuildFile section */

/* Begin PBXFileReference section */
		F4292D7828D114B70025F98F /* NCAPI.swift */ = {isa = PBXFileReference; lastKnownFileType = sourcecode.swift; path = NCAPI.swift; sourceTree = "<group>"; };
		F4292D7B28D139A30025F98F /* NetworkManager.swift */ = {isa = PBXFileReference; lastKnownFileType = sourcecode.swift; path = NetworkManager.swift; sourceTree = "<group>"; };
		F4292D7E28D13ACA0025F98F /* NCError.swift */ = {isa = PBXFileReference; lastKnownFileType = sourcecode.swift; path = NCError.swift; sourceTree = "<group>"; };
		F4292D8128D17C3C0025F98F /* UIviewExtension.swift */ = {isa = PBXFileReference; lastKnownFileType = sourcecode.swift; path = UIviewExtension.swift; sourceTree = "<group>"; };
		F43C641C28D695F200E62E43 /* NCAlertVC.swift */ = {isa = PBXFileReference; lastKnownFileType = sourcecode.swift; path = NCAlertVC.swift; sourceTree = "<group>"; };
		F43C641E28D69E6100E62E43 /* NCAlertContainerView.swift */ = {isa = PBXFileReference; lastKnownFileType = sourcecode.swift; path = NCAlertContainerView.swift; sourceTree = "<group>"; };
		F43C642028D69E8B00E62E43 /* NCTitleLabel.swift */ = {isa = PBXFileReference; lastKnownFileType = sourcecode.swift; path = NCTitleLabel.swift; sourceTree = "<group>"; };
		F43C642228D6A2F000E62E43 /* UIViewControllerExtension.swift */ = {isa = PBXFileReference; lastKnownFileType = sourcecode.swift; path = UIViewControllerExtension.swift; sourceTree = "<group>"; };
		F4408D1728CEC009009DAD2F /* NCLoginButton.swift */ = {isa = PBXFileReference; lastKnownFileType = sourcecode.swift; path = NCLoginButton.swift; sourceTree = "<group>"; };
		F4408D1A28CEC8F6009DAD2F /* NCSignupLabel.swift */ = {isa = PBXFileReference; lastKnownFileType = sourcecode.swift; path = NCSignupLabel.swift; sourceTree = "<group>"; };
		F44555CF28CC01CF00C56D82 /* Naren Chat.app */ = {isa = PBXFileReference; explicitFileType = wrapper.application; includeInIndex = 0; path = "Naren Chat.app"; sourceTree = BUILT_PRODUCTS_DIR; };
		F44555D228CC01CF00C56D82 /* AppDelegate.swift */ = {isa = PBXFileReference; lastKnownFileType = sourcecode.swift; path = AppDelegate.swift; sourceTree = "<group>"; };
		F44555D428CC01CF00C56D82 /* SceneDelegate.swift */ = {isa = PBXFileReference; lastKnownFileType = sourcecode.swift; path = SceneDelegate.swift; sourceTree = "<group>"; };
		F44555DB28CC01D000C56D82 /* Assets.xcassets */ = {isa = PBXFileReference; lastKnownFileType = folder.assetcatalog; path = Assets.xcassets; sourceTree = "<group>"; };
		F44555DE28CC01D000C56D82 /* Base */ = {isa = PBXFileReference; lastKnownFileType = file.storyboard; name = Base; path = Base.lproj/LaunchScreen.storyboard; sourceTree = "<group>"; };
		F44555E028CC01D000C56D82 /* Info.plist */ = {isa = PBXFileReference; lastKnownFileType = text.plist.xml; path = Info.plist; sourceTree = "<group>"; };
		F44555E828CCCF2100C56D82 /* LoginViewController.swift */ = {isa = PBXFileReference; lastKnownFileType = sourcecode.swift; path = LoginViewController.swift; sourceTree = "<group>"; };
		F44555EC28CCD7C700C56D82 /* NCTextField.swift */ = {isa = PBXFileReference; lastKnownFileType = sourcecode.swift; path = NCTextField.swift; sourceTree = "<group>"; };
		F4F097E728D5330D00F4BABD /* LoginView.swift */ = {isa = PBXFileReference; lastKnownFileType = sourcecode.swift; path = LoginView.swift; sourceTree = "<group>"; };
/* End PBXFileReference section */

/* Begin PBXFrameworksBuildPhase section */
		F44555CC28CC01CF00C56D82 /* Frameworks */ = {
			isa = PBXFrameworksBuildPhase;
			buildActionMask = 2147483647;
			files = (
			);
			runOnlyForDeploymentPostprocessing = 0;
		};
/* End PBXFrameworksBuildPhase section */

/* Begin PBXGroup section */
		F4292D7728D114990025F98F /* Modal */ = {
			isa = PBXGroup;
			children = (
				F4292D7828D114B70025F98F /* NCAPI.swift */,
			);
			path = Modal;
			sourceTree = "<group>";
		};
		F4292D7A28D139910025F98F /* Managers */ = {
			isa = PBXGroup;
			children = (
				F4292D7B28D139A30025F98F /* NetworkManager.swift */,
			);
			path = Managers;
			sourceTree = "<group>";
		};
		F4292D7D28D13AAC0025F98F /* Utilities */ = {
			isa = PBXGroup;
			children = (
				F4292D7E28D13ACA0025F98F /* NCError.swift */,
			);
			path = Utilities;
			sourceTree = "<group>";
		};
		F4292D8028D17C200025F98F /* Extensions */ = {
			isa = PBXGroup;
			children = (
				F4292D8128D17C3C0025F98F /* UIviewExtension.swift */,
				F43C642228D6A2F000E62E43 /* UIViewControllerExtension.swift */,
			);
			path = Extensions;
			sourceTree = "<group>";
		};
		F43C641B28D695D800E62E43 /* ViewControllers */ = {
			isa = PBXGroup;
			children = (
				F43C641C28D695F200E62E43 /* NCAlertVC.swift */,
			);
			path = ViewControllers;
			sourceTree = "<group>";
		};
		F4408D1628CEBFCC009DAD2F /* Buttons */ = {
			isa = PBXGroup;
			children = (
				F4408D1728CEC009009DAD2F /* NCLoginButton.swift */,
			);
			path = Buttons;
			sourceTree = "<group>";
		};
		F4408D1928CEC8DB009DAD2F /* Labels */ = {
			isa = PBXGroup;
			children = (
				F4408D1A28CEC8F6009DAD2F /* NCSignupLabel.swift */,
				F43C642028D69E8B00E62E43 /* NCTitleLabel.swift */,
			);
			path = Labels;
			sourceTree = "<group>";
		};
		F44555C628CC01CF00C56D82 = {
			isa = PBXGroup;
			children = (
				F44555D128CC01CF00C56D82 /* Naren Chat */,
				F44555D028CC01CF00C56D82 /* Products */,
			);
			sourceTree = "<group>";
		};
		F44555D028CC01CF00C56D82 /* Products */ = {
			isa = PBXGroup;
			children = (
				F44555CF28CC01CF00C56D82 /* Naren Chat.app */,
			);
			name = Products;
			sourceTree = "<group>";
		};
		F44555D128CC01CF00C56D82 /* Naren Chat */ = {
			isa = PBXGroup;
			children = (
				F4292D8028D17C200025F98F /* Extensions */,
				F4292D7D28D13AAC0025F98F /* Utilities */,
				F4292D7A28D139910025F98F /* Managers */,
				F4292D7728D114990025F98F /* Modal */,
				F44555EA28CCD78900C56D82 /* CustomViews */,
				F44555E728CCCEE100C56D82 /* Support */,
				F44555E628CCCEC400C56D82 /* Screens */,
				F44555E028CC01D000C56D82 /* Info.plist */,
			);
			path = "Naren Chat";
			sourceTree = "<group>";
		};
		F44555E628CCCEC400C56D82 /* Screens */ = {
			isa = PBXGroup;
			children = (
				F44555E828CCCF2100C56D82 /* LoginViewController.swift */,
			);
			path = Screens;
			sourceTree = "<group>";
		};
		F44555E728CCCEE100C56D82 /* Support */ = {
			isa = PBXGroup;
			children = (
				F44555D228CC01CF00C56D82 /* AppDelegate.swift */,
				F44555D428CC01CF00C56D82 /* SceneDelegate.swift */,
				F44555DB28CC01D000C56D82 /* Assets.xcassets */,
				F44555DD28CC01D000C56D82 /* LaunchScreen.storyboard */,
			);
			path = Support;
			sourceTree = "<group>";
		};
		F44555EA28CCD78900C56D82 /* CustomViews */ = {
			isa = PBXGroup;
			children = (
				F43C641B28D695D800E62E43 /* ViewControllers */,
				F4F097E628D532F700F4BABD /* Views */,
				F4408D1928CEC8DB009DAD2F /* Labels */,
				F4408D1628CEBFCC009DAD2F /* Buttons */,
				F44555EB28CCD79100C56D82 /* TextFields */,
			);
			path = CustomViews;
			sourceTree = "<group>";
		};
		F44555EB28CCD79100C56D82 /* TextFields */ = {
			isa = PBXGroup;
			children = (
				F44555EC28CCD7C700C56D82 /* NCTextField.swift */,
			);
			path = TextFields;
			sourceTree = "<group>";
		};
		F4F097E628D532F700F4BABD /* Views */ = {
			isa = PBXGroup;
			children = (
				F4F097E728D5330D00F4BABD /* LoginView.swift */,
				F43C641E28D69E6100E62E43 /* NCAlertContainerView.swift */,
			);
			path = Views;
			sourceTree = "<group>";
		};
/* End PBXGroup section */

/* Begin PBXNativeTarget section */
		F44555CE28CC01CF00C56D82 /* Naren Chat */ = {
			isa = PBXNativeTarget;
			buildConfigurationList = F44555E328CC01D000C56D82 /* Build configuration list for PBXNativeTarget "Naren Chat" */;
			buildPhases = (
				F44555CB28CC01CF00C56D82 /* Sources */,
				F44555CC28CC01CF00C56D82 /* Frameworks */,
				F44555CD28CC01CF00C56D82 /* Resources */,
			);
			buildRules = (
			);
			dependencies = (
			);
			name = "Naren Chat";
			productName = "Naren Chat";
			productReference = F44555CF28CC01CF00C56D82 /* Naren Chat.app */;
			productType = "com.apple.product-type.application";
		};
/* End PBXNativeTarget section */

/* Begin PBXProject section */
		F44555C728CC01CF00C56D82 /* Project object */ = {
			isa = PBXProject;
			attributes = {
				BuildIndependentTargetsInParallel = 1;
				LastSwiftUpdateCheck = 1340;
				LastUpgradeCheck = 1340;
				TargetAttributes = {
					F44555CE28CC01CF00C56D82 = {
						CreatedOnToolsVersion = 13.4.1;
					};
				};
			};
			buildConfigurationList = F44555CA28CC01CF00C56D82 /* Build configuration list for PBXProject "Naren Chat" */;
			compatibilityVersion = "Xcode 13.0";
			developmentRegion = en;
			hasScannedForEncodings = 0;
			knownRegions = (
				en,
				Base,
			);
			mainGroup = F44555C628CC01CF00C56D82;
			productRefGroup = F44555D028CC01CF00C56D82 /* Products */;
			projectDirPath = "";
			projectRoot = "";
			targets = (
				F44555CE28CC01CF00C56D82 /* Naren Chat */,
			);
		};
/* End PBXProject section */

/* Begin PBXResourcesBuildPhase section */
		F44555CD28CC01CF00C56D82 /* Resources */ = {
			isa = PBXResourcesBuildPhase;
			buildActionMask = 2147483647;
			files = (
				F44555DF28CC01D000C56D82 /* LaunchScreen.storyboard in Resources */,
				F44555DC28CC01D000C56D82 /* Assets.xcassets in Resources */,
			);
			runOnlyForDeploymentPostprocessing = 0;
		};
/* End PBXResourcesBuildPhase section */

/* Begin PBXSourcesBuildPhase section */
		F44555CB28CC01CF00C56D82 /* Sources */ = {
			isa = PBXSourcesBuildPhase;
			buildActionMask = 2147483647;
			files = (
				F43C641D28D695F200E62E43 /* NCAlertVC.swift in Sources */,
				F43C641F28D69E6100E62E43 /* NCAlertContainerView.swift in Sources */,
				F43C642328D6A2F000E62E43 /* UIViewControllerExtension.swift in Sources */,
				F4292D7928D114B70025F98F /* NCAPI.swift in Sources */,
				F4408D1828CEC009009DAD2F /* NCLoginButton.swift in Sources */,
				F4292D8228D17C3C0025F98F /* UIviewExtension.swift in Sources */,
				F44555E928CCCF2100C56D82 /* LoginViewController.swift in Sources */,
				F44555D328CC01CF00C56D82 /* AppDelegate.swift in Sources */,
				F4292D7C28D139A30025F98F /* NetworkManager.swift in Sources */,
				F44555ED28CCD7C700C56D82 /* NCTextField.swift in Sources */,
				F44555D528CC01CF00C56D82 /* SceneDelegate.swift in Sources */,
				F4F097E828D5330D00F4BABD /* LoginView.swift in Sources */,
				F4408D1B28CEC8F6009DAD2F /* NCSignupLabel.swift in Sources */,
				F43C642128D69E8B00E62E43 /* NCTitleLabel.swift in Sources */,
				F4292D7F28D13ACA0025F98F /* NCError.swift in Sources */,
			);
			runOnlyForDeploymentPostprocessing = 0;
		};
/* End PBXSourcesBuildPhase section */

/* Begin PBXVariantGroup section */
		F44555DD28CC01D000C56D82 /* LaunchScreen.storyboard */ = {
			isa = PBXVariantGroup;
			children = (
				F44555DE28CC01D000C56D82 /* Base */,
			);
			name = LaunchScreen.storyboard;
			sourceTree = "<group>";
		};
/* End PBXVariantGroup section */

/* Begin XCBuildConfiguration section */
		F44555E128CC01D000C56D82 /* Debug */ = {
			isa = XCBuildConfiguration;
			buildSettings = {
				ALWAYS_SEARCH_USER_PATHS = NO;
				CLANG_ANALYZER_NONNULL = YES;
				CLANG_ANALYZER_NUMBER_OBJECT_CONVERSION = YES_AGGRESSIVE;
				CLANG_CXX_LANGUAGE_STANDARD = "gnu++17";
				CLANG_ENABLE_MODULES = YES;
				CLANG_ENABLE_OBJC_ARC = YES;
				CLANG_ENABLE_OBJC_WEAK = YES;
				CLANG_WARN_BLOCK_CAPTURE_AUTORELEASING = YES;
				CLANG_WARN_BOOL_CONVERSION = YES;
				CLANG_WARN_COMMA = YES;
				CLANG_WARN_CONSTANT_CONVERSION = YES;
				CLANG_WARN_DEPRECATED_OBJC_IMPLEMENTATIONS = YES;
				CLANG_WARN_DIRECT_OBJC_ISA_USAGE = YES_ERROR;
				CLANG_WARN_DOCUMENTATION_COMMENTS = YES;
				CLANG_WARN_EMPTY_BODY = YES;
				CLANG_WARN_ENUM_CONVERSION = YES;
				CLANG_WARN_INFINITE_RECURSION = YES;
				CLANG_WARN_INT_CONVERSION = YES;
				CLANG_WARN_NON_LITERAL_NULL_CONVERSION = YES;
				CLANG_WARN_OBJC_IMPLICIT_RETAIN_SELF = YES;
				CLANG_WARN_OBJC_LITERAL_CONVERSION = YES;
				CLANG_WARN_OBJC_ROOT_CLASS = YES_ERROR;
				CLANG_WARN_QUOTED_INCLUDE_IN_FRAMEWORK_HEADER = YES;
				CLANG_WARN_RANGE_LOOP_ANALYSIS = YES;
				CLANG_WARN_STRICT_PROTOTYPES = YES;
				CLANG_WARN_SUSPICIOUS_MOVE = YES;
				CLANG_WARN_UNGUARDED_AVAILABILITY = YES_AGGRESSIVE;
				CLANG_WARN_UNREACHABLE_CODE = YES;
				CLANG_WARN__DUPLICATE_METHOD_MATCH = YES;
				COPY_PHASE_STRIP = NO;
				DEBUG_INFORMATION_FORMAT = dwarf;
				ENABLE_STRICT_OBJC_MSGSEND = YES;
				ENABLE_TESTABILITY = YES;
				GCC_C_LANGUAGE_STANDARD = gnu11;
				GCC_DYNAMIC_NO_PIC = NO;
				GCC_NO_COMMON_BLOCKS = YES;
				GCC_OPTIMIZATION_LEVEL = 0;
				GCC_PREPROCESSOR_DEFINITIONS = (
					"DEBUG=1",
					"$(inherited)",
				);
				GCC_WARN_64_TO_32_BIT_CONVERSION = YES;
				GCC_WARN_ABOUT_RETURN_TYPE = YES_ERROR;
				GCC_WARN_UNDECLARED_SELECTOR = YES;
				GCC_WARN_UNINITIALIZED_AUTOS = YES_AGGRESSIVE;
				GCC_WARN_UNUSED_FUNCTION = YES;
				GCC_WARN_UNUSED_VARIABLE = YES;
				IPHONEOS_DEPLOYMENT_TARGET = 15.5;
				MTL_ENABLE_DEBUG_INFO = INCLUDE_SOURCE;
				MTL_FAST_MATH = YES;
				ONLY_ACTIVE_ARCH = YES;
				SDKROOT = iphoneos;
				SWIFT_ACTIVE_COMPILATION_CONDITIONS = DEBUG;
				SWIFT_OPTIMIZATION_LEVEL = "-Onone";
			};
			name = Debug;
		};
		F44555E228CC01D000C56D82 /* Release */ = {
			isa = XCBuildConfiguration;
			buildSettings = {
				ALWAYS_SEARCH_USER_PATHS = NO;
				CLANG_ANALYZER_NONNULL = YES;
				CLANG_ANALYZER_NUMBER_OBJECT_CONVERSION = YES_AGGRESSIVE;
				CLANG_CXX_LANGUAGE_STANDARD = "gnu++17";
				CLANG_ENABLE_MODULES = YES;
				CLANG_ENABLE_OBJC_ARC = YES;
				CLANG_ENABLE_OBJC_WEAK = YES;
				CLANG_WARN_BLOCK_CAPTURE_AUTORELEASING = YES;
				CLANG_WARN_BOOL_CONVERSION = YES;
				CLANG_WARN_COMMA = YES;
				CLANG_WARN_CONSTANT_CONVERSION = YES;
				CLANG_WARN_DEPRECATED_OBJC_IMPLEMENTATIONS = YES;
				CLANG_WARN_DIRECT_OBJC_ISA_USAGE = YES_ERROR;
				CLANG_WARN_DOCUMENTATION_COMMENTS = YES;
				CLANG_WARN_EMPTY_BODY = YES;
				CLANG_WARN_ENUM_CONVERSION = YES;
				CLANG_WARN_INFINITE_RECURSION = YES;
				CLANG_WARN_INT_CONVERSION = YES;
				CLANG_WARN_NON_LITERAL_NULL_CONVERSION = YES;
				CLANG_WARN_OBJC_IMPLICIT_RETAIN_SELF = YES;
				CLANG_WARN_OBJC_LITERAL_CONVERSION = YES;
				CLANG_WARN_OBJC_ROOT_CLASS = YES_ERROR;
				CLANG_WARN_QUOTED_INCLUDE_IN_FRAMEWORK_HEADER = YES;
				CLANG_WARN_RANGE_LOOP_ANALYSIS = YES;
				CLANG_WARN_STRICT_PROTOTYPES = YES;
				CLANG_WARN_SUSPICIOUS_MOVE = YES;
				CLANG_WARN_UNGUARDED_AVAILABILITY = YES_AGGRESSIVE;
				CLANG_WARN_UNREACHABLE_CODE = YES;
				CLANG_WARN__DUPLICATE_METHOD_MATCH = YES;
				COPY_PHASE_STRIP = NO;
				DEBUG_INFORMATION_FORMAT = "dwarf-with-dsym";
				ENABLE_NS_ASSERTIONS = NO;
				ENABLE_STRICT_OBJC_MSGSEND = YES;
				GCC_C_LANGUAGE_STANDARD = gnu11;
				GCC_NO_COMMON_BLOCKS = YES;
				GCC_WARN_64_TO_32_BIT_CONVERSION = YES;
				GCC_WARN_ABOUT_RETURN_TYPE = YES_ERROR;
				GCC_WARN_UNDECLARED_SELECTOR = YES;
				GCC_WARN_UNINITIALIZED_AUTOS = YES_AGGRESSIVE;
				GCC_WARN_UNUSED_FUNCTION = YES;
				GCC_WARN_UNUSED_VARIABLE = YES;
				IPHONEOS_DEPLOYMENT_TARGET = 15.5;
				MTL_ENABLE_DEBUG_INFO = NO;
				MTL_FAST_MATH = YES;
				SDKROOT = iphoneos;
				SWIFT_COMPILATION_MODE = wholemodule;
				SWIFT_OPTIMIZATION_LEVEL = "-O";
				VALIDATE_PRODUCT = YES;
			};
			name = Release;
		};
		F44555E428CC01D000C56D82 /* Debug */ = {
			isa = XCBuildConfiguration;
			buildSettings = {
				ASSETCATALOG_COMPILER_APPICON_NAME = AppIcon;
				ASSETCATALOG_COMPILER_GLOBAL_ACCENT_COLOR_NAME = AccentColor;
				CODE_SIGN_STYLE = Automatic;
				CURRENT_PROJECT_VERSION = 1;
				DEVELOPMENT_TEAM = NQV5W84VJ3;
				GENERATE_INFOPLIST_FILE = YES;
				INFOPLIST_FILE = "Naren Chat/Info.plist";
				INFOPLIST_KEY_UIApplicationSupportsIndirectInputEvents = YES;
				INFOPLIST_KEY_UILaunchStoryboardName = LaunchScreen;
				INFOPLIST_KEY_UISupportedInterfaceOrientations = UIInterfaceOrientationPortrait;
				INFOPLIST_KEY_UISupportedInterfaceOrientations_iPad = "UIInterfaceOrientationPortrait UIInterfaceOrientationPortraitUpsideDown UIInterfaceOrientationLandscapeLeft UIInterfaceOrientationLandscapeRight";
				INFOPLIST_KEY_UISupportedInterfaceOrientations_iPhone = UIInterfaceOrientationPortrait;
				IPHONEOS_DEPLOYMENT_TARGET = 13.0;
				LD_RUNPATH_SEARCH_PATHS = (
					"$(inherited)",
					"@executable_path/Frameworks",
				);
				MARKETING_VERSION = 1.0;
				PRODUCT_BUNDLE_IDENTIFIER = "com.mathi.Naren-Chat";
				PRODUCT_NAME = "$(TARGET_NAME)";
				SWIFT_EMIT_LOC_STRINGS = YES;
				SWIFT_VERSION = 5.0;
				TARGETED_DEVICE_FAMILY = 1;
			};
			name = Debug;
		};
		F44555E528CC01D000C56D82 /* Release */ = {
			isa = XCBuildConfiguration;
			buildSettings = {
				ASSETCATALOG_COMPILER_APPICON_NAME = AppIcon;
				ASSETCATALOG_COMPILER_GLOBAL_ACCENT_COLOR_NAME = AccentColor;
				CODE_SIGN_STYLE = Automatic;
				CURRENT_PROJECT_VERSION = 1;
				DEVELOPMENT_TEAM = NQV5W84VJ3;
				GENERATE_INFOPLIST_FILE = YES;
				INFOPLIST_FILE = "Naren Chat/Info.plist";
				INFOPLIST_KEY_UIApplicationSupportsIndirectInputEvents = YES;
				INFOPLIST_KEY_UILaunchStoryboardName = LaunchScreen;
				INFOPLIST_KEY_UISupportedInterfaceOrientations = UIInterfaceOrientationPortrait;
				INFOPLIST_KEY_UISupportedInterfaceOrientations_iPad = "UIInterfaceOrientationPortrait UIInterfaceOrientationPortraitUpsideDown UIInterfaceOrientationLandscapeLeft UIInterfaceOrientationLandscapeRight";
				INFOPLIST_KEY_UISupportedInterfaceOrientations_iPhone = UIInterfaceOrientationPortrait;
				IPHONEOS_DEPLOYMENT_TARGET = 13.0;
				LD_RUNPATH_SEARCH_PATHS = (
					"$(inherited)",
					"@executable_path/Frameworks",
				);
				MARKETING_VERSION = 1.0;
				PRODUCT_BUNDLE_IDENTIFIER = "com.mathi.Naren-Chat";
				PRODUCT_NAME = "$(TARGET_NAME)";
				SWIFT_EMIT_LOC_STRINGS = YES;
				SWIFT_VERSION = 5.0;
				TARGETED_DEVICE_FAMILY = 1;
			};
			name = Release;
		};
/* End XCBuildConfiguration section */

/* Begin XCConfigurationList section */
		F44555CA28CC01CF00C56D82 /* Build configuration list for PBXProject "Naren Chat" */ = {
			isa = XCConfigurationList;
			buildConfigurations = (
				F44555E128CC01D000C56D82 /* Debug */,
				F44555E228CC01D000C56D82 /* Release */,
			);
			defaultConfigurationIsVisible = 0;
			defaultConfigurationName = Release;
		};
		F44555E328CC01D000C56D82 /* Build configuration list for PBXNativeTarget "Naren Chat" */ = {
			isa = XCConfigurationList;
			buildConfigurations = (
				F44555E428CC01D000C56D82 /* Debug */,
				F44555E528CC01D000C56D82 /* Release */,
			);
			defaultConfigurationIsVisible = 0;
			defaultConfigurationName = Release;
		};
/* End XCConfigurationList section */
	};
	rootObject = F44555C728CC01CF00C56D82 /* Project object */;
}
